
Microsoft Visual Studio Solution File, Format Version 12.00
# Visual Studio Version 17
VisualStudioVersion = 17.6.33815.320
MinimumVisualStudioVersion = 10.0.40219.1
Project("{9A19103F-16F7-4668-BE54-9A1E7A4F7556}") = "CharacterData", "CharacterData.csproj", "{220288F7-C406-4C0B-A03E-5E7AE096068D}"
EndProject
Global
	GlobalSection(SolutionConfigurationPlatforms) = preSolution
		Debug|Any CPU = Debug|Any CPU
		Release|Any CPU = Release|Any CPU
	EndGlobalSection
	GlobalSection(ProjectConfigurationPlatforms) = postSolution
		{220288F7-C406-4C0B-A03E-5E7AE096068D}.Debug|Any CPU.ActiveCfg = Debug|Any CPU
		{220288F7-C406-4C0B-A03E-5E7AE096068D}.Debug|Any CPU.Build.0 = Debug|Any CPU
		{220288F7-C406-4C0B-A03E-5E7AE096068D}.Release|Any CPU.ActiveCfg = Release|Any CPU
		{220288F7-C406-4C0B-A03E-5E7AE096068D}.Release|Any CPU.Build.0 = Release|Any CPU
	EndGlobalSection
	GlobalSection(SolutionProperties) = preSolution
		HideSolutionNode = FALSE
	EndGlobalSection
	GlobalSection(ExtensibilityGlobals) = postSolution
		SolutionGuid = {A208DC27-3ADF-425F-B13B-AC1F449DF92D}
	EndGlobalSection
EndGlobal
